
Microsoft Visual Studio Solution File, Format Version 12.00
# Visual Studio Version 16
VisualStudioVersion = 16.0.29123.88
MinimumVisualStudioVersion = 10.0.40219.1
Project("{9A19103F-16F7-4668-BE54-9A1E7A4F7556}") = "SampleASPCore", "SampleASPCore\SampleASPCore.csproj", "{15B7793A-B6A6-415B-9869-7F6B96FFEC2E}"
EndProject
Project("{FAE04EC0-301F-11D3-BF4B-00C04F79EFBC}") = "SampleWebAPI", "SampleWebAPI\SampleWebAPI.csproj", "{4DA0734C-3FB7-48E8-BE3B-9789110FD76A}"
EndProject
Project("{FAE04EC0-301F-11D3-BF4B-00C04F79EFBC}") = "BO", "BO\BO.csproj", "{AACF77AF-2F6E-4FFB-812E-EC67DD8B762A}"
EndProject
Project("{FAE04EC0-301F-11D3-BF4B-00C04F79EFBC}") = "DAL", "DAL\DAL.csproj", "{F624818B-AFD3-47F9-B474-D2548E63EC7D}"
EndProject
Global
	GlobalSection(SolutionConfigurationPlatforms) = preSolution
		Debug|Any CPU = Debug|Any CPU
		Release|Any CPU = Release|Any CPU
	EndGlobalSection
	GlobalSection(ProjectConfigurationPlatforms) = postSolution
		{15B7793A-B6A6-415B-9869-7F6B96FFEC2E}.Debug|Any CPU.ActiveCfg = Debug|Any CPU
		{15B7793A-B6A6-415B-9869-7F6B96FFEC2E}.Debug|Any CPU.Build.0 = Debug|Any CPU
		{15B7793A-B6A6-415B-9869-7F6B96FFEC2E}.Release|Any CPU.ActiveCfg = Release|Any CPU
		{15B7793A-B6A6-415B-9869-7F6B96FFEC2E}.Release|Any CPU.Build.0 = Release|Any CPU
		{4DA0734C-3FB7-48E8-BE3B-9789110FD76A}.Debug|Any CPU.ActiveCfg = Debug|Any CPU
		{4DA0734C-3FB7-48E8-BE3B-9789110FD76A}.Debug|Any CPU.Build.0 = Debug|Any CPU
		{4DA0734C-3FB7-48E8-BE3B-9789110FD76A}.Release|Any CPU.ActiveCfg = Release|Any CPU
		{4DA0734C-3FB7-48E8-BE3B-9789110FD76A}.Release|Any CPU.Build.0 = Release|Any CPU
		{AACF77AF-2F6E-4FFB-812E-EC67DD8B762A}.Debug|Any CPU.ActiveCfg = Debug|Any CPU
		{AACF77AF-2F6E-4FFB-812E-EC67DD8B762A}.Debug|Any CPU.Build.0 = Debug|Any CPU
		{AACF77AF-2F6E-4FFB-812E-EC67DD8B762A}.Release|Any CPU.ActiveCfg = Release|Any CPU
		{AACF77AF-2F6E-4FFB-812E-EC67DD8B762A}.Release|Any CPU.Build.0 = Release|Any CPU
		{F624818B-AFD3-47F9-B474-D2548E63EC7D}.Debug|Any CPU.ActiveCfg = Debug|Any CPU
		{F624818B-AFD3-47F9-B474-D2548E63EC7D}.Debug|Any CPU.Build.0 = Debug|Any CPU
		{F624818B-AFD3-47F9-B474-D2548E63EC7D}.Release|Any CPU.ActiveCfg = Release|Any CPU
		{F624818B-AFD3-47F9-B474-D2548E63EC7D}.Release|Any CPU.Build.0 = Release|Any CPU
	EndGlobalSection
	GlobalSection(SolutionProperties) = preSolution
		HideSolutionNode = FALSE
	EndGlobalSection
	GlobalSection(ExtensibilityGlobals) = postSolution
		SolutionGuid = {D19FC3A2-8CB6-42FA-9F85-E2A7BACAFA6D}
	EndGlobalSection
EndGlobal
